
Microsoft Visual Studio Solution File, Format Version 12.00
# Visual Studio Version 17
VisualStudioVersion = 17.5.33627.172
MinimumVisualStudioVersion = 10.0.40219.1
Project("{FAE04EC0-301F-11D3-BF4B-00C04F79EFBC}") = "csharp-singleclass-bootcamp.main", "csharp-singleclass-bootcamp.main\csharp-singleclass-bootcamp.main.csproj", "{4C15BAD2-E067-4FE2-89EE-245F86D02A7B}"
EndProject
Project("{FAE04EC0-301F-11D3-BF4B-00C04F79EFBC}") = "csharp-singleclass-bootcamp.Tests", "csharp-singleclass-bootcamp.Tests\csharp-singleclass-bootcamp.Tests.csproj", "{67E51EF7-A212-49A1-ABBB-4E7849207A75}"
EndProject
Global
	GlobalSection(SolutionConfigurationPlatforms) = preSolution
		Debug|Any CPU = Debug|Any CPU
		Release|Any CPU = Release|Any CPU
	EndGlobalSection
	GlobalSection(ProjectConfigurationPlatforms) = postSolution
		{4C15BAD2-E067-4FE2-89EE-245F86D02A7B}.Debug|Any CPU.ActiveCfg = Debug|Any CPU
		{4C15BAD2-E067-4FE2-89EE-245F86D02A7B}.Debug|Any CPU.Build.0 = Debug|Any CPU
		{4C15BAD2-E067-4FE2-89EE-245F86D02A7B}.Release|Any CPU.ActiveCfg = Release|Any CPU
		{4C15BAD2-E067-4FE2-89EE-245F86D02A7B}.Release|Any CPU.Build.0 = Release|Any CPU
		{67E51EF7-A212-49A1-ABBB-4E7849207A75}.Debug|Any CPU.ActiveCfg = Debug|Any CPU
		{67E51EF7-A212-49A1-ABBB-4E7849207A75}.Debug|Any CPU.Build.0 = Debug|Any CPU
		{67E51EF7-A212-49A1-ABBB-4E7849207A75}.Release|Any CPU.ActiveCfg = Release|Any CPU
		{67E51EF7-A212-49A1-ABBB-4E7849207A75}.Release|Any CPU.Build.0 = Release|Any CPU
	EndGlobalSection
	GlobalSection(SolutionProperties) = preSolution
		HideSolutionNode = FALSE
	EndGlobalSection
	GlobalSection(ExtensibilityGlobals) = postSolution
		SolutionGuid = {9EC9416C-18D6-4190-B78B-8CB9A727B234}
	EndGlobalSection
EndGlobal
